
Microsoft Visual Studio Solution File, Format Version 12.00
# Visual Studio 14
VisualStudioVersion = 14.0.25420.1
MinimumVisualStudioVersion = 10.0.40219.1
Project("{FAE04EC0-301F-11D3-BF4B-00C04F79EFBC}") = "Prototype.EmployeeService.Host", "Prototype.EmployeeService.Host\Prototype.EmployeeService.Host.csproj", "{BF989798-AD2C-4819-A9C8-821ACB6A880D}"
EndProject
Project("{FAE04EC0-301F-11D3-BF4B-00C04F79EFBC}") = "Prototype.EmployeeService.Contracts", "Prototype.EmployeeService.Contracts\Prototype.EmployeeService.Contracts.csproj", "{D0540247-D49C-4AF9-9F49-CDB0A3795CDF}"
EndProject
Project("{FAE04EC0-301F-11D3-BF4B-00C04F79EFBC}") = "Prototype.EmployeeService.Implementation", "Prototype.EmployeeService.Implementation\Prototype.EmployeeService.Implementation.csproj", "{AF4F008A-B502-46D7-A2FB-A2BB0C59BB9B}"
EndProject
Project("{FAE04EC0-301F-11D3-BF4B-00C04F79EFBC}") = "Prototype.UI", "Prototype.UI\Prototype.UI.csproj", "{703D2385-6560-4946-AFFC-4A76CD1B033A}"
EndProject
Global
	GlobalSection(SolutionConfigurationPlatforms) = preSolution
		Debug|Any CPU = Debug|Any CPU
		Release|Any CPU = Release|Any CPU
	EndGlobalSection
	GlobalSection(ProjectConfigurationPlatforms) = postSolution
		{BF989798-AD2C-4819-A9C8-821ACB6A880D}.Debug|Any CPU.ActiveCfg = Debug|Any CPU
		{BF989798-AD2C-4819-A9C8-821ACB6A880D}.Debug|Any CPU.Build.0 = Debug|Any CPU
		{BF989798-AD2C-4819-A9C8-821ACB6A880D}.Release|Any CPU.ActiveCfg = Release|Any CPU
		{BF989798-AD2C-4819-A9C8-821ACB6A880D}.Release|Any CPU.Build.0 = Release|Any CPU
		{D0540247-D49C-4AF9-9F49-CDB0A3795CDF}.Debug|Any CPU.ActiveCfg = Debug|Any CPU
		{D0540247-D49C-4AF9-9F49-CDB0A3795CDF}.Debug|Any CPU.Build.0 = Debug|Any CPU
		{D0540247-D49C-4AF9-9F49-CDB0A3795CDF}.Release|Any CPU.ActiveCfg = Release|Any CPU
		{D0540247-D49C-4AF9-9F49-CDB0A3795CDF}.Release|Any CPU.Build.0 = Release|Any CPU
		{AF4F008A-B502-46D7-A2FB-A2BB0C59BB9B}.Debug|Any CPU.ActiveCfg = Debug|Any CPU
		{AF4F008A-B502-46D7-A2FB-A2BB0C59BB9B}.Debug|Any CPU.Build.0 = Debug|Any CPU
		{AF4F008A-B502-46D7-A2FB-A2BB0C59BB9B}.Release|Any CPU.ActiveCfg = Release|Any CPU
		{AF4F008A-B502-46D7-A2FB-A2BB0C59BB9B}.Release|Any CPU.Build.0 = Release|Any CPU
		{703D2385-6560-4946-AFFC-4A76CD1B033A}.Debug|Any CPU.ActiveCfg = Debug|Any CPU
		{703D2385-6560-4946-AFFC-4A76CD1B033A}.Debug|Any CPU.Build.0 = Debug|Any CPU
		{703D2385-6560-4946-AFFC-4A76CD1B033A}.Release|Any CPU.ActiveCfg = Release|Any CPU
		{703D2385-6560-4946-AFFC-4A76CD1B033A}.Release|Any CPU.Build.0 = Release|Any CPU
	EndGlobalSection
	GlobalSection(SolutionProperties) = preSolution
		HideSolutionNode = FALSE
	EndGlobalSection
EndGlobal
